
Microsoft Visual Studio Solution File, Format Version 12.00
# Visual Studio 14
VisualStudioVersion = 14.0.22310.1
MinimumVisualStudioVersion = 10.0.40219.1
Project("{2150E333-8FDC-42A3-9474-1A3956D46DE8}") = "Engine", "Engine", "{1831765B-2595-4EE8-9125-76DF6524E52C}"
EndProject
Project("{2150E333-8FDC-42A3-9474-1A3956D46DE8}") = "Games", "Games", "{960DABAE-42D5-46B8-878E-6A76509C04EF}"
EndProject
Project("{8BC9CEB8-8B4A-11D0-8D11-00A0C91BC942}") = "UE4", "Intermediate\ProjectFiles\UE4.vcxproj", "{9A04C595-EEEF-4337-9007-ABFB8E14195B}"
EndProject
Project("{8BC9CEB8-8B4A-11D0-8D11-00A0C91BC942}") = "CubeServival", "Intermediate\ProjectFiles\CubeServival.vcxproj", "{1DE60612-1A67-4889-9666-DF7FF87B7AA0}"
EndProject
Global
	GlobalSection(SolutionConfigurationPlatforms) = preSolution
		DebugGame Editor|Win32 = DebugGame Editor|Win32
		DebugGame Editor|Win64 = DebugGame Editor|Win64
		DebugGame|Win32 = DebugGame|Win32
		DebugGame|Win64 = DebugGame|Win64
		Development Editor|Win32 = Development Editor|Win32
		Development Editor|Win64 = Development Editor|Win64
		Development|Win32 = Development|Win32
		Development|Win64 = Development|Win64
		Shipping|Win32 = Shipping|Win32
		Shipping|Win64 = Shipping|Win64
	EndGlobalSection
	GlobalSection(ProjectConfigurationPlatforms) = postSolution
		{1DE60612-1A67-4889-9666-DF7FF87B7AA0}.DebugGame Editor|Win32.ActiveCfg = DebugGame_Editor|Win32
		{1DE60612-1A67-4889-9666-DF7FF87B7AA0}.DebugGame Editor|Win64.ActiveCfg = DebugGame_Editor|x64
		{1DE60612-1A67-4889-9666-DF7FF87B7AA0}.DebugGame Editor|Win64.Build.0 = DebugGame_Editor|x64
		{1DE60612-1A67-4889-9666-DF7FF87B7AA0}.DebugGame|Win32.ActiveCfg = DebugGame_Game|Win32
		{1DE60612-1A67-4889-9666-DF7FF87B7AA0}.DebugGame|Win32.Build.0 = DebugGame_Game|Win32
		{1DE60612-1A67-4889-9666-DF7FF87B7AA0}.DebugGame|Win64.ActiveCfg = DebugGame_Game|x64
		{1DE60612-1A67-4889-9666-DF7FF87B7AA0}.DebugGame|Win64.Build.0 = DebugGame_Game|x64
		{1DE60612-1A67-4889-9666-DF7FF87B7AA0}.Development Editor|Win32.ActiveCfg = Development_Editor|Win32
		{1DE60612-1A67-4889-9666-DF7FF87B7AA0}.Development Editor|Win64.ActiveCfg = Development_Editor|x64
		{1DE60612-1A67-4889-9666-DF7FF87B7AA0}.Development Editor|Win64.Build.0 = Development_Editor|x64
		{1DE60612-1A67-4889-9666-DF7FF87B7AA0}.Development|Win32.ActiveCfg = Development_Game|Win32
		{1DE60612-1A67-4889-9666-DF7FF87B7AA0}.Development|Win32.Build.0 = Development_Game|Win32
		{1DE60612-1A67-4889-9666-DF7FF87B7AA0}.Development|Win64.ActiveCfg = Development_Game|x64
		{1DE60612-1A67-4889-9666-DF7FF87B7AA0}.Development|Win64.Build.0 = Development_Game|x64
		{1DE60612-1A67-4889-9666-DF7FF87B7AA0}.Shipping|Win32.ActiveCfg = Shipping_Game|Win32
		{1DE60612-1A67-4889-9666-DF7FF87B7AA0}.Shipping|Win32.Build.0 = Shipping_Game|Win32
		{1DE60612-1A67-4889-9666-DF7FF87B7AA0}.Shipping|Win64.ActiveCfg = Shipping_Game|x64
		{1DE60612-1A67-4889-9666-DF7FF87B7AA0}.Shipping|Win64.Build.0 = Shipping_Game|x64
	EndGlobalSection
	GlobalSection(SolutionProperties) = preSolution
		HideSolutionNode = FALSE
	EndGlobalSection
	GlobalSection(NestedProjects) = preSolution
		{9A04C595-EEEF-4337-9007-ABFB8E14195B} = {1831765B-2595-4EE8-9125-76DF6524E52C}
		{1DE60612-1A67-4889-9666-DF7FF87B7AA0} = {960DABAE-42D5-46B8-878E-6A76509C04EF}
	EndGlobalSection
EndGlobal
